<?xml version="1.0" encoding="utf-8"?>
<Project ToolsVersion="4.0" xmlns="http://schemas.microsoft.com/developer/msbuild/2003">
  <ItemGroup>
    <ClCompile Include="stdafx.cpp" />
    <ClCompile Include="WebClient.cpp" />
  </ItemGroup>
  <ItemGroup>
    <ClInclude Include="..\include\IWebClient.h" />
    <ClInclude Include="..\include\WebClient.h" />
    <ClInclude Include="..\..\include\stdafx.h" />
    <ClInclude Include="..\..\include\targetver.h" />
    <ClInclude Include="..\..\include\Win32Exception.h" />
    <ClInclude Include="..\include\UrlHelper.h" />
    <ClInclude Include="..\include\HttpResponse.h" />
  </ItemGroup>
</Project>